// !$*UTF8*$!
{
	archiveVersion = 1;
	classes = {
	};
	objectVersion = 46;
	objects = {

/* Begin PBXBuildFile section */
		055ABD971ABFCC5200E309E1 /* BitSet.swift in Sources */ = {isa = PBXBuildFile; fileRef = 055ABD961ABFCC5200E309E1 /* BitSet.swift */; };
		055CB49F1AB7CB4C0077D02A /* AppDelegate.swift in Sources */ = {isa = PBXBuildFile; fileRef = 055CB49E1AB7CB4C0077D02A /* AppDelegate.swift */; };
		055CB4A11AB7CB4C0077D02A /* ViewController.swift in Sources */ = {isa = PBXBuildFile; fileRef = 055CB4A01AB7CB4C0077D02A /* ViewController.swift */; };
		055CB4A41AB7CB4C0077D02A /* Main.storyboard in Resources */ = {isa = PBXBuildFile; fileRef = 055CB4A21AB7CB4C0077D02A /* Main.storyboard */; };
		055CB4A61AB7CB4C0077D02A /* Images.xcassets in Resources */ = {isa = PBXBuildFile; fileRef = 055CB4A51AB7CB4C0077D02A /* Images.xcassets */; };
		055CB4A91AB7CB4C0077D02A /* LaunchScreen.xib in Resources */ = {isa = PBXBuildFile; fileRef = 055CB4A71AB7CB4C0077D02A /* LaunchScreen.xib */; };
		055CB4C01AB7CB6A0077D02A /* RoaringBitmap.swift in Sources */ = {isa = PBXBuildFile; fileRef = 055CB4BF1AB7CB6A0077D02A /* RoaringBitmap.swift */; };
		055CB4C21AB7CC4E0077D02A /* ImmutableBitmapDataProvider.swift in Sources */ = {isa = PBXBuildFile; fileRef = 055CB4C11AB7CC4E0077D02A /* ImmutableBitmapDataProvider.swift */; };
		055CB4C41AB7D5610077D02A /* BitmapDataProvider.swift in Sources */ = {isa = PBXBuildFile; fileRef = 055CB4C31AB7D5610077D02A /* BitmapDataProvider.swift */; };
		055CB4C61AB7D6BB0077D02A /* RoaringBitmapUtilFunctions.swift in Sources */ = {isa = PBXBuildFile; fileRef = 055CB4C51AB7D6BB0077D02A /* RoaringBitmapUtilFunctions.swift */; };
		055CB4C81AB8176A0077D02A /* RoaringArray.swift in Sources */ = {isa = PBXBuildFile; fileRef = 055CB4C71AB8176A0077D02A /* RoaringArray.swift */; };
		055CB4CA1AB8BFA00077D02A /* Container.swift in Sources */ = {isa = PBXBuildFile; fileRef = 055CB4C91AB8BFA00077D02A /* Container.swift */; };
		055CB4CC1AB8C4C70077D02A /* BitmapContainer.swift in Sources */ = {isa = PBXBuildFile; fileRef = 055CB4CB1AB8C4C70077D02A /* BitmapContainer.swift */; };
		055CB4CE1AB8C5080077D02A /* ArrayContainer.swift in Sources */ = {isa = PBXBuildFile; fileRef = 055CB4CD1AB8C5080077D02A /* ArrayContainer.swift */; };
		056004F31ABB7C2A0056945D /* RoaringBitmapPart1Tests.swift in Sources */ = {isa = PBXBuildFile; fileRef = 056004F21ABB7C2A0056945D /* RoaringBitmapPart1Tests.swift */; };
		059936A71ABCE34300582F10 /* RoaringBitmapPart2Tests.swift in Sources */ = {isa = PBXBuildFile; fileRef = 059936A61ABCE34300582F10 /* RoaringBitmapPart2Tests.swift */; };
		05A93BD91AB96AE900EAA8DC /* FastAggregation.swift in Sources */ = {isa = PBXBuildFile; fileRef = 05A93BD81AB96AE900EAA8DC /* FastAggregation.swift */; };
		05A93BDB1AB970CB00EAA8DC /* ContainerPointer.swift in Sources */ = {isa = PBXBuildFile; fileRef = 05A93BDA1AB970CB00EAA8DC /* ContainerPointer.swift */; };
		05A93BE11AB9EA6400EAA8DC /* PriorityQueue.swift in Sources */ = {isa = PBXBuildFile; fileRef = 05A93BE01AB9EA6400EAA8DC /* PriorityQueue.swift */; };
		05A93BE41ABA764800EAA8DC /* ArrayHelpers.swift in Sources */ = {isa = PBXBuildFile; fileRef = 05A93BE31ABA764800EAA8DC /* ArrayHelpers.swift */; };
		05DCFFCE1ABB70C800E58794 /* ContainerTests.swift in Sources */ = {isa = PBXBuildFile; fileRef = 05DCFFCD1ABB70C800E58794 /* ContainerTests.swift */; };
		05DD69F31ABCA6D200E2ED7B /* BitsMathTests.swift in Sources */ = {isa = PBXBuildFile; fileRef = 05DD69F21ABCA6D200E2ED7B /* BitsMathTests.swift */; };
/* End PBXBuildFile section */

/* Begin PBXContainerItemProxy section */
		055CB4AF1AB7CB4C0077D02A /* PBXContainerItemProxy */ = {
			isa = PBXContainerItemProxy;
			containerPortal = 055CB4911AB7CB4C0077D02A /* Project object */;
			proxyType = 1;
			remoteGlobalIDString = 055CB4981AB7CB4C0077D02A;
			remoteInfo = RoaringBitmapConversion;
		};
/* End PBXContainerItemProxy section */

/* Begin PBXFileReference section */
		055ABD961ABFCC5200E309E1 /* BitSet.swift */ = {isa = PBXFileReference; fileEncoding = 4; lastKnownFileType = sourcecode.swift; path = BitSet.swift; sourceTree = "<group>"; };
		055CB4991AB7CB4C0077D02A /* RoaringBitmap.app */ = {isa = PBXFileReference; explicitFileType = wrapper.application; includeInIndex = 0; path = RoaringBitmap.app; sourceTree = BUILT_PRODUCTS_DIR; };
		055CB49D1AB7CB4C0077D02A /* Info.plist */ = {isa = PBXFileReference; lastKnownFileType = text.plist.xml; path = Info.plist; sourceTree = "<group>"; };
		055CB49E1AB7CB4C0077D02A /* AppDelegate.swift */ = {isa = PBXFileReference; lastKnownFileType = sourcecode.swift; path = AppDelegate.swift; sourceTree = "<group>"; };
		055CB4A01AB7CB4C0077D02A /* ViewController.swift */ = {isa = PBXFileReference; lastKnownFileType = sourcecode.swift; path = ViewController.swift; sourceTree = "<group>"; };
		055CB4A31AB7CB4C0077D02A /* Base */ = {isa = PBXFileReference; lastKnownFileType = file.storyboard; name = Base; path = Base.lproj/Main.storyboard; sourceTree = "<group>"; };
		055CB4A51AB7CB4C0077D02A /* Images.xcassets */ = {isa = PBXFileReference; lastKnownFileType = folder.assetcatalog; path = Images.xcassets; sourceTree = "<group>"; };
		055CB4A81AB7CB4C0077D02A /* Base */ = {isa = PBXFileReference; lastKnownFileType = file.xib; name = Base; path = Base.lproj/LaunchScreen.xib; sourceTree = "<group>"; };
		055CB4AE1AB7CB4C0077D02A /* RoaringBitmapTests.xctest */ = {isa = PBXFileReference; explicitFileType = wrapper.cfbundle; includeInIndex = 0; path = RoaringBitmapTests.xctest; sourceTree = BUILT_PRODUCTS_DIR; };
		055CB4B31AB7CB4C0077D02A /* Info.plist */ = {isa = PBXFileReference; lastKnownFileType = text.plist.xml; path = Info.plist; sourceTree = "<group>"; };
		055CB4BF1AB7CB6A0077D02A /* RoaringBitmap.swift */ = {isa = PBXFileReference; fileEncoding = 4; lastKnownFileType = sourcecode.swift; path = RoaringBitmap.swift; sourceTree = "<group>"; };
		055CB4C11AB7CC4E0077D02A /* ImmutableBitmapDataProvider.swift */ = {isa = PBXFileReference; fileEncoding = 4; lastKnownFileType = sourcecode.swift; path = ImmutableBitmapDataProvider.swift; sourceTree = "<group>"; };
		055CB4C31AB7D5610077D02A /* BitmapDataProvider.swift */ = {isa = PBXFileReference; fileEncoding = 4; lastKnownFileType = sourcecode.swift; path = BitmapDataProvider.swift; sourceTree = "<group>"; };
		055CB4C51AB7D6BB0077D02A /* RoaringBitmapUtilFunctions.swift */ = {isa = PBXFileReference; fileEncoding = 4; lastKnownFileType = sourcecode.swift; path = RoaringBitmapUtilFunctions.swift; sourceTree = "<group>"; };
		055CB4C71AB8176A0077D02A /* RoaringArray.swift */ = {isa = PBXFileReference; fileEncoding = 4; lastKnownFileType = sourcecode.swift; path = RoaringArray.swift; sourceTree = "<group>"; };
		055CB4C91AB8BFA00077D02A /* Container.swift */ = {isa = PBXFileReference; fileEncoding = 4; lastKnownFileType = sourcecode.swift; path = Container.swift; sourceTree = "<group>"; };
		055CB4CB1AB8C4C70077D02A /* BitmapContainer.swift */ = {isa = PBXFileReference; fileEncoding = 4; lastKnownFileType = sourcecode.swift; path = BitmapContainer.swift; sourceTree = "<group>"; };
		055CB4CD1AB8C5080077D02A /* ArrayContainer.swift */ = {isa = PBXFileReference; fileEncoding = 4; lastKnownFileType = sourcecode.swift; path = ArrayContainer.swift; sourceTree = "<group>"; };
		056004F21ABB7C2A0056945D /* RoaringBitmapPart1Tests.swift */ = {isa = PBXFileReference; fileEncoding = 4; lastKnownFileType = sourcecode.swift; path = RoaringBitmapPart1Tests.swift; sourceTree = "<group>"; };
		059936A61ABCE34300582F10 /* RoaringBitmapPart2Tests.swift */ = {isa = PBXFileReference; fileEncoding = 4; lastKnownFileType = sourcecode.swift; path = RoaringBitmapPart2Tests.swift; sourceTree = "<group>"; };
		05A93BD81AB96AE900EAA8DC /* FastAggregation.swift */ = {isa = PBXFileReference; fileEncoding = 4; lastKnownFileType = sourcecode.swift; path = FastAggregation.swift; sourceTree = "<group>"; };
		05A93BDA1AB970CB00EAA8DC /* ContainerPointer.swift */ = {isa = PBXFileReference; fileEncoding = 4; lastKnownFileType = sourcecode.swift; path = ContainerPointer.swift; sourceTree = "<group>"; };
		05A93BE01AB9EA6400EAA8DC /* PriorityQueue.swift */ = {isa = PBXFileReference; fileEncoding = 4; lastKnownFileType = sourcecode.swift; path = PriorityQueue.swift; sourceTree = "<group>"; };
		05A93BE31ABA764800EAA8DC /* ArrayHelpers.swift */ = {isa = PBXFileReference; fileEncoding = 4; lastKnownFileType = sourcecode.swift; path = ArrayHelpers.swift; sourceTree = "<group>"; };
		05DCFFCD1ABB70C800E58794 /* ContainerTests.swift */ = {isa = PBXFileReference; fileEncoding = 4; lastKnownFileType = sourcecode.swift; path = ContainerTests.swift; sourceTree = "<group>"; };
		05DD69F21ABCA6D200E2ED7B /* BitsMathTests.swift */ = {isa = PBXFileReference; fileEncoding = 4; lastKnownFileType = sourcecode.swift; path = BitsMathTests.swift; sourceTree = "<group>"; };
/* End PBXFileReference section */

/* Begin PBXFrameworksBuildPhase section */
		055CB4961AB7CB4C0077D02A /* Frameworks */ = {
			isa = PBXFrameworksBuildPhase;
			buildActionMask = 2147483647;
			files = (
			);
			runOnlyForDeploymentPostprocessing = 0;
		};
		055CB4AB1AB7CB4C0077D02A /* Frameworks */ = {
			isa = PBXFrameworksBuildPhase;
			buildActionMask = 2147483647;
			files = (
			);
			runOnlyForDeploymentPostprocessing = 0;
		};
/* End PBXFrameworksBuildPhase section */

/* Begin PBXGroup section */
		055ABD951ABFCC3D00E309E1 /* Support */ = {
			isa = PBXGroup;
			children = (
				055ABD961ABFCC5200E309E1 /* BitSet.swift */,
			);
			name = Support;
			sourceTree = "<group>";
		};
		055CB4901AB7CB4C0077D02A = {
			isa = PBXGroup;
			children = (
				055CB49B1AB7CB4C0077D02A /* RoaringBitmap */,
				055CB4B11AB7CB4C0077D02A /* RoaringBitmapTests */,
				055CB49A1AB7CB4C0077D02A /* Products */,
			);
			sourceTree = "<group>";
		};
		055CB49A1AB7CB4C0077D02A /* Products */ = {
			isa = PBXGroup;
			children = (
				055CB4991AB7CB4C0077D02A /* RoaringBitmap.app */,
				055CB4AE1AB7CB4C0077D02A /* RoaringBitmapTests.xctest */,
			);
			name = Products;
			sourceTree = "<group>";
		};
		055CB49B1AB7CB4C0077D02A /* RoaringBitmap */ = {
			isa = PBXGroup;
			children = (
				055ABD951ABFCC3D00E309E1 /* Support */,
				05A93BE21ABA762C00EAA8DC /* Core */,
				05A93BDF1AB9EA3100EAA8DC /* OpenSource */,
				055CB4BE1AB7CB5D0077D02A /* RoaringBitmap */,
				055CB49E1AB7CB4C0077D02A /* AppDelegate.swift */,
				055CB4A01AB7CB4C0077D02A /* ViewController.swift */,
				055CB4A21AB7CB4C0077D02A /* Main.storyboard */,
				055CB4A51AB7CB4C0077D02A /* Images.xcassets */,
				055CB4A71AB7CB4C0077D02A /* LaunchScreen.xib */,
				055CB49C1AB7CB4C0077D02A /* Supporting Files */,
			);
			name = RoaringBitmap;
			path = RoaringBitmapConversion;
			sourceTree = "<group>";
		};
		055CB49C1AB7CB4C0077D02A /* Supporting Files */ = {
			isa = PBXGroup;
			children = (
				055CB49D1AB7CB4C0077D02A /* Info.plist */,
			);
			name = "Supporting Files";
			sourceTree = "<group>";
		};
		055CB4B11AB7CB4C0077D02A /* RoaringBitmapTests */ = {
			isa = PBXGroup;
			children = (
				059936A61ABCE34300582F10 /* RoaringBitmapPart2Tests.swift */,
				056004F21ABB7C2A0056945D /* RoaringBitmapPart1Tests.swift */,
				055CB4B21AB7CB4C0077D02A /* Supporting Files */,
				05DCFFCD1ABB70C800E58794 /* ContainerTests.swift */,
				05DD69F21ABCA6D200E2ED7B /* BitsMathTests.swift */,
			);
			name = RoaringBitmapTests;
			path = RoaringBitmapConversionTests;
			sourceTree = "<group>";
		};
		055CB4B21AB7CB4C0077D02A /* Supporting Files */ = {
			isa = PBXGroup;
			children = (
				055CB4B31AB7CB4C0077D02A /* Info.plist */,
			);
			name = "Supporting Files";
			sourceTree = "<group>";
		};
		055CB4BE1AB7CB5D0077D02A /* RoaringBitmap */ = {
			isa = PBXGroup;
			children = (
				055CB4BF1AB7CB6A0077D02A /* RoaringBitmap.swift */,
				055CB4C11AB7CC4E0077D02A /* ImmutableBitmapDataProvider.swift */,
				055CB4C31AB7D5610077D02A /* BitmapDataProvider.swift */,
				055CB4C51AB7D6BB0077D02A /* RoaringBitmapUtilFunctions.swift */,
				055CB4C71AB8176A0077D02A /* RoaringArray.swift */,
				055CB4C91AB8BFA00077D02A /* Container.swift */,
				055CB4CB1AB8C4C70077D02A /* BitmapContainer.swift */,
				055CB4CD1AB8C5080077D02A /* ArrayContainer.swift */,
				05A93BD81AB96AE900EAA8DC /* FastAggregation.swift */,
				05A93BDA1AB970CB00EAA8DC /* ContainerPointer.swift */,
			);
			path = RoaringBitmap;
			sourceTree = "<group>";
		};
		05A93BDF1AB9EA3100EAA8DC /* OpenSource */ = {
			isa = PBXGroup;
			children = (
				05A93BE01AB9EA6400EAA8DC /* PriorityQueue.swift */,
			);
			name = OpenSource;
			sourceTree = "<group>";
		};
		05A93BE21ABA762C00EAA8DC /* Core */ = {
			isa = PBXGroup;
			children = (
				05A93BE31ABA764800EAA8DC /* ArrayHelpers.swift */,
			);
			name = Core;
			sourceTree = "<group>";
		};
/* End PBXGroup section */

/* Begin PBXNativeTarget section */
		055CB4981AB7CB4C0077D02A /* RoaringBitmap */ = {
			isa = PBXNativeTarget;
			buildConfigurationList = 055CB4B81AB7CB4C0077D02A /* Build configuration list for PBXNativeTarget "RoaringBitmap" */;
			buildPhases = (
				055CB4951AB7CB4C0077D02A /* Sources */,
				055CB4961AB7CB4C0077D02A /* Frameworks */,
				055CB4971AB7CB4C0077D02A /* Resources */,
			);
			buildRules = (
			);
			dependencies = (
			);
			name = RoaringBitmap;
			productName = RoaringBitmapConversion;
			productReference = 055CB4991AB7CB4C0077D02A /* RoaringBitmap.app */;
			productType = "com.apple.product-type.application";
		};
		055CB4AD1AB7CB4C0077D02A /* RoaringBitmapTests */ = {
			isa = PBXNativeTarget;
			buildConfigurationList = 055CB4BB1AB7CB4C0077D02A /* Build configuration list for PBXNativeTarget "RoaringBitmapTests" */;
			buildPhases = (
				055CB4AA1AB7CB4C0077D02A /* Sources */,
				055CB4AB1AB7CB4C0077D02A /* Frameworks */,
				055CB4AC1AB7CB4C0077D02A /* Resources */,
			);
			buildRules = (
			);
			dependencies = (
				055CB4B01AB7CB4C0077D02A /* PBXTargetDependency */,
			);
			name = RoaringBitmapTests;
			productName = RoaringBitmapConversionTests;
			productReference = 055CB4AE1AB7CB4C0077D02A /* RoaringBitmapTests.xctest */;
			productType = "com.apple.product-type.bundle.unit-test";
		};
/* End PBXNativeTarget section */

/* Begin PBXProject section */
		055CB4911AB7CB4C0077D02A /* Project object */ = {
			isa = PBXProject;
			attributes = {
				LastSwiftUpdateCheck = 0700;
				LastUpgradeCheck = 0700;
				ORGANIZATIONNAME = "Regwez, Inc.";
				TargetAttributes = {
					055CB4981AB7CB4C0077D02A = {
						CreatedOnToolsVersion = 6.3;
						DevelopmentTeam = 46N24DKYTD;
						LastSwiftMigration = 0820;
					};
					055CB4AD1AB7CB4C0077D02A = {
						CreatedOnToolsVersion = 6.3;
						DevelopmentTeam = 46N24DKYTD;
						LastSwiftMigration = 0820;
						TestTargetID = 055CB4981AB7CB4C0077D02A;
					};
				};
			};
			buildConfigurationList = 055CB4941AB7CB4C0077D02A /* Build configuration list for PBXProject "RoaringBitmap-Swift" */;
			compatibilityVersion = "Xcode 3.2";
			developmentRegion = English;
			hasScannedForEncodings = 0;
			knownRegions = (
				en,
				Base,
			);
			mainGroup = 055CB4901AB7CB4C0077D02A;
			productRefGroup = 055CB49A1AB7CB4C0077D02A /* Products */;
			projectDirPath = "";
			projectRoot = "";
			targets = (
				055CB4981AB7CB4C0077D02A /* RoaringBitmap */,
				055CB4AD1AB7CB4C0077D02A /* RoaringBitmapTests */,
			);
		};
/* End PBXProject section */

/* Begin PBXResourcesBuildPhase section */
		055CB4971AB7CB4C0077D02A /* Resources */ = {
			isa = PBXResourcesBuildPhase;
			buildActionMask = 2147483647;
			files = (
				055CB4A41AB7CB4C0077D02A /* Main.storyboard in Resources */,
				055CB4A91AB7CB4C0077D02A /* LaunchScreen.xib in Resources */,
				055CB4A61AB7CB4C0077D02A /* Images.xcassets in Resources */,
			);
			runOnlyForDeploymentPostprocessing = 0;
		};
		055CB4AC1AB7CB4C0077D02A /* Resources */ = {
			isa = PBXResourcesBuildPhase;
			buildActionMask = 2147483647;
			files = (
			);
			runOnlyForDeploymentPostprocessing = 0;
		};
/* End PBXResourcesBuildPhase section */

/* Begin PBXSourcesBuildPhase section */
		055CB4951AB7CB4C0077D02A /* Sources */ = {
			isa = PBXSourcesBuildPhase;
			buildActionMask = 2147483647;
			files = (
				055ABD971ABFCC5200E309E1 /* BitSet.swift in Sources */,
				055CB4C61AB7D6BB0077D02A /* RoaringBitmapUtilFunctions.swift in Sources */,
				055CB4C81AB8176A0077D02A /* RoaringArray.swift in Sources */,
				055CB4CC1AB8C4C70077D02A /* BitmapContainer.swift in Sources */,
				05A93BE41ABA764800EAA8DC /* ArrayHelpers.swift in Sources */,
				055CB4C01AB7CB6A0077D02A /* RoaringBitmap.swift in Sources */,
				055CB4A11AB7CB4C0077D02A /* ViewController.swift in Sources */,
				05A93BD91AB96AE900EAA8DC /* FastAggregation.swift in Sources */,
				055CB4CE1AB8C5080077D02A /* ArrayContainer.swift in Sources */,
				055CB4C41AB7D5610077D02A /* BitmapDataProvider.swift in Sources */,
				055CB4CA1AB8BFA00077D02A /* Container.swift in Sources */,
				05A93BDB1AB970CB00EAA8DC /* ContainerPointer.swift in Sources */,
				055CB4C21AB7CC4E0077D02A /* ImmutableBitmapDataProvider.swift in Sources */,
				055CB49F1AB7CB4C0077D02A /* AppDelegate.swift in Sources */,
				05A93BE11AB9EA6400EAA8DC /* PriorityQueue.swift in Sources */,
			);
			runOnlyForDeploymentPostprocessing = 0;
		};
		055CB4AA1AB7CB4C0077D02A /* Sources */ = {
			isa = PBXSourcesBuildPhase;
			buildActionMask = 2147483647;
			files = (
				056004F31ABB7C2A0056945D /* RoaringBitmapPart1Tests.swift in Sources */,
				05DD69F31ABCA6D200E2ED7B /* BitsMathTests.swift in Sources */,
				05DCFFCE1ABB70C800E58794 /* ContainerTests.swift in Sources */,
				059936A71ABCE34300582F10 /* RoaringBitmapPart2Tests.swift in Sources */,
			);
			runOnlyForDeploymentPostprocessing = 0;
		};
/* End PBXSourcesBuildPhase section */

/* Begin PBXTargetDependency section */
		055CB4B01AB7CB4C0077D02A /* PBXTargetDependency */ = {
			isa = PBXTargetDependency;
			target = 055CB4981AB7CB4C0077D02A /* RoaringBitmap */;
			targetProxy = 055CB4AF1AB7CB4C0077D02A /* PBXContainerItemProxy */;
		};
/* End PBXTargetDependency section */

/* Begin PBXVariantGroup section */
		055CB4A21AB7CB4C0077D02A /* Main.storyboard */ = {
			isa = PBXVariantGroup;
			children = (
				055CB4A31AB7CB4C0077D02A /* Base */,
			);
			name = Main.storyboard;
			sourceTree = "<group>";
		};
		055CB4A71AB7CB4C0077D02A /* LaunchScreen.xib */ = {
			isa = PBXVariantGroup;
			children = (
				055CB4A81AB7CB4C0077D02A /* Base */,
			);
			name = LaunchScreen.xib;
			sourceTree = "<group>";
		};
/* End PBXVariantGroup section */

/* Begin XCBuildConfiguration section */
		055CB4B61AB7CB4C0077D02A /* Debug */ = {
			isa = XCBuildConfiguration;
			buildSettings = {
				ALWAYS_SEARCH_USER_PATHS = NO;
				CLANG_CXX_LANGUAGE_STANDARD = "gnu++0x";
				CLANG_CXX_LIBRARY = "libc++";
				CLANG_ENABLE_MODULES = YES;
				CLANG_ENABLE_OBJC_ARC = YES;
				CLANG_WARN_BOOL_CONVERSION = YES;
				CLANG_WARN_CONSTANT_CONVERSION = YES;
				CLANG_WARN_DIRECT_OBJC_ISA_USAGE = YES_ERROR;
				CLANG_WARN_EMPTY_BODY = YES;
				CLANG_WARN_ENUM_CONVERSION = YES;
				CLANG_WARN_INT_CONVERSION = YES;
				CLANG_WARN_OBJC_ROOT_CLASS = YES_ERROR;
				CLANG_WARN_UNREACHABLE_CODE = YES;
				CLANG_WARN__DUPLICATE_METHOD_MATCH = YES;
				"CODE_SIGN_IDENTITY[sdk=iphoneos*]" = "iPhone Developer";
				COPY_PHASE_STRIP = NO;
				DEBUG_INFORMATION_FORMAT = "dwarf-with-dsym";
				ENABLE_STRICT_OBJC_MSGSEND = YES;
				ENABLE_TESTABILITY = YES;
				GCC_C_LANGUAGE_STANDARD = gnu99;
				GCC_DYNAMIC_NO_PIC = NO;
				GCC_NO_COMMON_BLOCKS = YES;
				GCC_OPTIMIZATION_LEVEL = 0;
				GCC_PREPROCESSOR_DEFINITIONS = (
					"DEBUG=1",
					"$(inherited)",
				);
				GCC_SYMBOLS_PRIVATE_EXTERN = NO;
				GCC_WARN_64_TO_32_BIT_CONVERSION = YES;
				GCC_WARN_ABOUT_RETURN_TYPE = YES_ERROR;
				GCC_WARN_UNDECLARED_SELECTOR = YES;
				GCC_WARN_UNINITIALIZED_AUTOS = YES_AGGRESSIVE;
				GCC_WARN_UNUSED_FUNCTION = YES;
				GCC_WARN_UNUSED_VARIABLE = YES;
				IPHONEOS_DEPLOYMENT_TARGET = 10;
				MTL_ENABLE_DEBUG_INFO = YES;
				ONLY_ACTIVE_ARCH = YES;
				SDKROOT = iphoneos;
				SWIFT_OPTIMIZATION_LEVEL = "-Onone";
				TARGETED_DEVICE_FAMILY = "1,2";
			};
			name = Debug;
		};
		055CB4B71AB7CB4C0077D02A /* Release */ = {
			isa = XCBuildConfiguration;
			buildSettings = {
				ALWAYS_SEARCH_USER_PATHS = NO;
				CLANG_CXX_LANGUAGE_STANDARD = "gnu++0x";
				CLANG_CXX_LIBRARY = "libc++";
				CLANG_ENABLE_MODULES = YES;
				CLANG_ENABLE_OBJC_ARC = YES;
				CLANG_WARN_BOOL_CONVERSION = YES;
				CLANG_WARN_CONSTANT_CONVERSION = YES;
				CLANG_WARN_DIRECT_OBJC_ISA_USAGE = YES_ERROR;
				CLANG_WARN_EMPTY_BODY = YES;
				CLANG_WARN_ENUM_CONVERSION = YES;
				CLANG_WARN_INT_CONVERSION = YES;
				CLANG_WARN_OBJC_ROOT_CLASS = YES_ERROR;
				CLANG_WARN_UNREACHABLE_CODE = YES;
				CLANG_WARN__DUPLICATE_METHOD_MATCH = YES;
				"CODE_SIGN_IDENTITY[sdk=iphoneos*]" = "iPhone Developer";
				COPY_PHASE_STRIP = NO;
				DEBUG_INFORMATION_FORMAT = "dwarf-with-dsym";
				ENABLE_NS_ASSERTIONS = NO;
				ENABLE_STRICT_OBJC_MSGSEND = YES;
				GCC_C_LANGUAGE_STANDARD = gnu99;
				GCC_NO_COMMON_BLOCKS = YES;
				GCC_WARN_64_TO_32_BIT_CONVERSION = YES;
				GCC_WARN_ABOUT_RETURN_TYPE = YES_ERROR;
				GCC_WARN_UNDECLARED_SELECTOR = YES;
				GCC_WARN_UNINITIALIZED_AUTOS = YES_AGGRESSIVE;
				GCC_WARN_UNUSED_FUNCTION = YES;
				GCC_WARN_UNUSED_VARIABLE = YES;
				IPHONEOS_DEPLOYMENT_TARGET = 10;
				MTL_ENABLE_DEBUG_INFO = NO;
				SDKROOT = iphoneos;
				TARGETED_DEVICE_FAMILY = "1,2";
				VALIDATE_PRODUCT = YES;
			};
			name = Release;
		};
		055CB4B91AB7CB4C0077D02A /* Debug */ = {
			isa = XCBuildConfiguration;
			buildSettings = {
				ASSETCATALOG_COMPILER_APPICON_NAME = AppIcon;
				DEVELOPMENT_TEAM = 46N24DKYTD;
				INFOPLIST_FILE = RoaringBitmapConversion/Info.plist;
				IPHONEOS_DEPLOYMENT_TARGET = 10.0;
				LD_RUNPATH_SEARCH_PATHS = "$(inherited) @executable_path/Frameworks";
				PRODUCT_BUNDLE_IDENTIFIER = com.regwez.platform.RoaringBitmap;
				PRODUCT_NAME = "$(TARGET_NAME)";
				SWIFT_VERSION = 3.0;
			};
			name = Debug;
		};
		055CB4BA1AB7CB4C0077D02A /* Release */ = {
			isa = XCBuildConfiguration;
			buildSettings = {
				ASSETCATALOG_COMPILER_APPICON_NAME = AppIcon;
				DEVELOPMENT_TEAM = 46N24DKYTD;
				INFOPLIST_FILE = RoaringBitmapConversion/Info.plist;
				IPHONEOS_DEPLOYMENT_TARGET = 10.0;
				LD_RUNPATH_SEARCH_PATHS = "$(inherited) @executable_path/Frameworks";
				PRODUCT_BUNDLE_IDENTIFIER = com.regwez.platform.RoaringBitmap;
				PRODUCT_NAME = "$(TARGET_NAME)";
				SWIFT_VERSION = 3.0;
			};
			name = Release;
		};
		055CB4BC1AB7CB4C0077D02A /* Debug */ = {
			isa = XCBuildConfiguration;
			buildSettings = {
				BUNDLE_LOADER = "$(TEST_HOST)";
				DEVELOPMENT_TEAM = 46N24DKYTD;
				FRAMEWORK_SEARCH_PATHS = (
					"$(SDKROOT)/Developer/Library/Frameworks",
					"$(inherited)",
				);
				GCC_PREPROCESSOR_DEFINITIONS = (
					"DEBUG=1",
					"$(inherited)",
				);
				INFOPLIST_FILE = RoaringBitmapConversionTests/Info.plist;
				LD_RUNPATH_SEARCH_PATHS = "$(inherited) @executable_path/Frameworks @loader_path/Frameworks";
				PRODUCT_BUNDLE_IDENTIFIER = "com.regwez.platform.$(PRODUCT_NAME:rfc1034identifier)";
				PRODUCT_NAME = "$(TARGET_NAME)";
				SWIFT_VERSION = 3.0;
				TEST_HOST = "$(BUILT_PRODUCTS_DIR)/RoaringBitmap.app/RoaringBitmap";
			};
			name = Debug;
		};
		055CB4BD1AB7CB4C0077D02A /* Release */ = {
			isa = XCBuildConfiguration;
			buildSettings = {
				BUNDLE_LOADER = "$(TEST_HOST)";
				DEVELOPMENT_TEAM = 46N24DKYTD;
				FRAMEWORK_SEARCH_PATHS = (
					"$(SDKROOT)/Developer/Library/Frameworks",
					"$(inherited)",
				);
				INFOPLIST_FILE = RoaringBitmapConversionTests/Info.plist;
				LD_RUNPATH_SEARCH_PATHS = "$(inherited) @executable_path/Frameworks @loader_path/Frameworks";
				PRODUCT_BUNDLE_IDENTIFIER = "com.regwez.platform.$(PRODUCT_NAME:rfc1034identifier)";
				PRODUCT_NAME = "$(TARGET_NAME)";
				SWIFT_VERSION = 3.0;
				TEST_HOST = "$(BUILT_PRODUCTS_DIR)/RoaringBitmap.app/RoaringBitmap";
			};
			name = Release;
		};
/* End XCBuildConfiguration section */

/* Begin XCConfigurationList section */
		055CB4941AB7CB4C0077D02A /* Build configuration list for PBXProject "RoaringBitmap-Swift" */ = {
			isa = XCConfigurationList;
			buildConfigurations = (
				055CB4B61AB7CB4C0077D02A /* Debug */,
				055CB4B71AB7CB4C0077D02A /* Release */,
			);
			defaultConfigurationIsVisible = 0;
			defaultConfigurationName = Release;
		};
		055CB4B81AB7CB4C0077D02A /* Build configuration list for PBXNativeTarget "RoaringBitmap" */ = {
			isa = XCConfigurationList;
			buildConfigurations = (
				055CB4B91AB7CB4C0077D02A /* Debug */,
				055CB4BA1AB7CB4C0077D02A /* Release */,
			);
			defaultConfigurationIsVisible = 0;
			defaultConfigurationName = Release;
		};
		055CB4BB1AB7CB4C0077D02A /* Build configuration list for PBXNativeTarget "RoaringBitmapTests" */ = {
			isa = XCConfigurationList;
			buildConfigurations = (
				055CB4BC1AB7CB4C0077D02A /* Debug */,
				055CB4BD1AB7CB4C0077D02A /* Release */,
			);
			defaultConfigurationIsVisible = 0;
			defaultConfigurationName = Release;
		};
/* End XCConfigurationList section */
	};
	rootObject = 055CB4911AB7CB4C0077D02A /* Project object */;
}
